
Microsoft Visual Studio Solution File, Format Version 12.00
# Visual Studio Version 17
VisualStudioVersion = 17.10.34928.147
MinimumVisualStudioVersion = 10.0.40219.1
Project("{2150E333-8FDC-42A3-9474-1A3956D46DE8}") = "1-AtendimentoMultiTenant.Api", "1-AtendimentoMultiTenant.Api", "{0AB17EED-DAEA-45A5-9004-C5E04672EE34}"
EndProject
Project("{2150E333-8FDC-42A3-9474-1A3956D46DE8}") = "2-AtendimentoMultiTenant.Core", "2-AtendimentoMultiTenant.Core", "{5C1AB320-B656-42B4-A031-0117513ABD3B}"
EndProject
Project("{2150E333-8FDC-42A3-9474-1A3956D46DE8}") = "3-AtendimentoMultiTenant.Infra", "3-AtendimentoMultiTenant.Infra", "{317BBEDD-B501-4FF5-A36B-68AC2A6C1DBD}"
EndProject
Project("{9A19103F-16F7-4668-BE54-9A1E7A4F7556}") = "AtendimentoMultiTenant.Api", "AtendimentoMultiTenant.Api\AtendimentoMultiTenant.Api.csproj", "{DF94C159-9B91-4539-ABB8-8AA81EB38B1A}"
EndProject
Project("{9A19103F-16F7-4668-BE54-9A1E7A4F7556}") = "AtendimentoMultiTenant.Core", "AtendimentoMultiTenant.Core\AtendimentoMultiTenant.Core.csproj", "{1E664257-4E09-4CCE-9B58-2764488DB3F6}"
EndProject
Project("{9A19103F-16F7-4668-BE54-9A1E7A4F7556}") = "AtendimentoMultiTenant.Infra", "AtendimentoMultiTenant.Infra\AtendimentoMultiTenant.Infra.csproj", "{E5FD6B2C-19E8-4140-825D-C0164B55B986}"
EndProject
Project("{2150E333-8FDC-42A3-9474-1A3956D46DE8}") = "4-AtendimentoMultiTenant.Cross", "4-AtendimentoMultiTenant.Cross", "{E03A3832-CD91-4736-A03E-EDF426CD0C53}"
EndProject
Project("{9A19103F-16F7-4668-BE54-9A1E7A4F7556}") = "AtendimentoMultiTenant.Cross", "AtendimentoMultiTenant.Cross\AtendimentoMultiTenant.Cross.csproj", "{17254734-DD8C-4261-88FB-958DE856E1DB}"
EndProject
Project("{2150E333-8FDC-42A3-9474-1A3956D46DE8}") = "0-AtendimentoMultiTenant.Web", "0-AtendimentoMultiTenant.Web", "{DDE74747-19FA-41B7-85B8-9AABE9B8B6D8}"
EndProject
Project("{9A19103F-16F7-4668-BE54-9A1E7A4F7556}") = "AtendimentoMultiTenant.Web", "AtendimentoMultiTenant.Web\AtendimentoMultiTenant.Web.csproj", "{BC976D1F-2755-42FD-A70F-4FE75E3FE09F}"
EndProject
Project("{2150E333-8FDC-42A3-9474-1A3956D46DE8}") = "5-AtendimentoMultiTenant.Shared", "5-AtendimentoMultiTenant.Shared", "{9A93A3F3-E26B-4093-B4E6-8D8BA2CECE23}"
EndProject
Project("{9A19103F-16F7-4668-BE54-9A1E7A4F7556}") = "AtendimentoMultiTenant.Shared", "AtendimentoMultiTenant.Shared\AtendimentoMultiTenant.Shared.csproj", "{6F3ECD39-6CFA-4404-AC27-DBDAF99C0ED0}"
EndProject
Global
	GlobalSection(SolutionConfigurationPlatforms) = preSolution
		Debug|Any CPU = Debug|Any CPU
		Release|Any CPU = Release|Any CPU
	EndGlobalSection
	GlobalSection(ProjectConfigurationPlatforms) = postSolution
		{DF94C159-9B91-4539-ABB8-8AA81EB38B1A}.Debug|Any CPU.ActiveCfg = Debug|Any CPU
		{DF94C159-9B91-4539-ABB8-8AA81EB38B1A}.Debug|Any CPU.Build.0 = Debug|Any CPU
		{DF94C159-9B91-4539-ABB8-8AA81EB38B1A}.Release|Any CPU.ActiveCfg = Release|Any CPU
		{DF94C159-9B91-4539-ABB8-8AA81EB38B1A}.Release|Any CPU.Build.0 = Release|Any CPU
		{1E664257-4E09-4CCE-9B58-2764488DB3F6}.Debug|Any CPU.ActiveCfg = Debug|Any CPU
		{1E664257-4E09-4CCE-9B58-2764488DB3F6}.Debug|Any CPU.Build.0 = Debug|Any CPU
		{1E664257-4E09-4CCE-9B58-2764488DB3F6}.Release|Any CPU.ActiveCfg = Release|Any CPU
		{1E664257-4E09-4CCE-9B58-2764488DB3F6}.Release|Any CPU.Build.0 = Release|Any CPU
		{E5FD6B2C-19E8-4140-825D-C0164B55B986}.Debug|Any CPU.ActiveCfg = Debug|Any CPU
		{E5FD6B2C-19E8-4140-825D-C0164B55B986}.Debug|Any CPU.Build.0 = Debug|Any CPU
		{E5FD6B2C-19E8-4140-825D-C0164B55B986}.Release|Any CPU.ActiveCfg = Release|Any CPU
		{E5FD6B2C-19E8-4140-825D-C0164B55B986}.Release|Any CPU.Build.0 = Release|Any CPU
		{17254734-DD8C-4261-88FB-958DE856E1DB}.Debug|Any CPU.ActiveCfg = Debug|Any CPU
		{17254734-DD8C-4261-88FB-958DE856E1DB}.Debug|Any CPU.Build.0 = Debug|Any CPU
		{17254734-DD8C-4261-88FB-958DE856E1DB}.Release|Any CPU.ActiveCfg = Release|Any CPU
		{17254734-DD8C-4261-88FB-958DE856E1DB}.Release|Any CPU.Build.0 = Release|Any CPU
		{BC976D1F-2755-42FD-A70F-4FE75E3FE09F}.Debug|Any CPU.ActiveCfg = Debug|Any CPU
		{BC976D1F-2755-42FD-A70F-4FE75E3FE09F}.Debug|Any CPU.Build.0 = Debug|Any CPU
		{BC976D1F-2755-42FD-A70F-4FE75E3FE09F}.Release|Any CPU.ActiveCfg = Release|Any CPU
		{BC976D1F-2755-42FD-A70F-4FE75E3FE09F}.Release|Any CPU.Build.0 = Release|Any CPU
		{6F3ECD39-6CFA-4404-AC27-DBDAF99C0ED0}.Debug|Any CPU.ActiveCfg = Debug|Any CPU
		{6F3ECD39-6CFA-4404-AC27-DBDAF99C0ED0}.Debug|Any CPU.Build.0 = Debug|Any CPU
		{6F3ECD39-6CFA-4404-AC27-DBDAF99C0ED0}.Release|Any CPU.ActiveCfg = Release|Any CPU
		{6F3ECD39-6CFA-4404-AC27-DBDAF99C0ED0}.Release|Any CPU.Build.0 = Release|Any CPU
	EndGlobalSection
	GlobalSection(SolutionProperties) = preSolution
		HideSolutionNode = FALSE
	EndGlobalSection
	GlobalSection(NestedProjects) = preSolution
		{DF94C159-9B91-4539-ABB8-8AA81EB38B1A} = {0AB17EED-DAEA-45A5-9004-C5E04672EE34}
		{1E664257-4E09-4CCE-9B58-2764488DB3F6} = {5C1AB320-B656-42B4-A031-0117513ABD3B}
		{E5FD6B2C-19E8-4140-825D-C0164B55B986} = {317BBEDD-B501-4FF5-A36B-68AC2A6C1DBD}
		{17254734-DD8C-4261-88FB-958DE856E1DB} = {E03A3832-CD91-4736-A03E-EDF426CD0C53}
		{BC976D1F-2755-42FD-A70F-4FE75E3FE09F} = {DDE74747-19FA-41B7-85B8-9AABE9B8B6D8}
		{6F3ECD39-6CFA-4404-AC27-DBDAF99C0ED0} = {9A93A3F3-E26B-4093-B4E6-8D8BA2CECE23}
	EndGlobalSection
	GlobalSection(ExtensibilityGlobals) = postSolution
		SolutionGuid = {17CAE811-6164-4160-A6CC-51090CF5800B}
	EndGlobalSection
EndGlobal
